
Microsoft Visual Studio Solution File, Format Version 12.00
# Visual Studio Version 16
VisualStudioVersion = 16.0.30114.105
MinimumVisualStudioVersion = 10.0.40219.1
Project("{9A19103F-16F7-4668-BE54-9A1E7A4F7556}") = "Biker.Common", "Biker.Common\Biker.Common.csproj", "{D977B294-1807-44EE-854B-C9669C4406CF}"
EndProject
Project("{9A19103F-16F7-4668-BE54-9A1E7A4F7556}") = "Biker.Web", "Biker.Web\Biker.Web.csproj", "{F94B15C5-A88C-4FF7-A811-23FB25696C15}"
EndProject
Project("{FAE04EC0-301F-11D3-BF4B-00C04F79EFBC}") = "Biker.Prism", "Biker.Prism\Biker.Prism\Biker.Prism.csproj", "{78D1FCF4-497D-4471-B42A-55EA6FBF1F3E}"
EndProject
Project("{FAE04EC0-301F-11D3-BF4B-00C04F79EFBC}") = "Biker.Prism.Android", "Biker.Prism\Biker.Prism.Android\Biker.Prism.Android.csproj", "{C20B15E9-39C6-404D-B5C4-921A42EF8381}"
EndProject
Project("{FAE04EC0-301F-11D3-BF4B-00C04F79EFBC}") = "Biker.Prism.iOS", "Biker.Prism\Biker.Prism.iOS\Biker.Prism.iOS.csproj", "{5837762F-00C6-49DF-8737-3A36EF71BE3B}"
EndProject
Project("{FAE04EC0-301F-11D3-BF4B-00C04F79EFBC}") = "Biker.Cross.Android", "Biker.Cross.Android\Biker.Cross.Android.csproj", "{A94322B9-BF4C-4D0C-9440-8E2A04CDFE7B}"
EndProject
Project("{FAE04EC0-301F-11D3-BF4B-00C04F79EFBC}") = "Biker.Cross.iOS", "Biker.Cross.iOS\Biker.Cross.iOS.csproj", "{19C7B9AD-658A-448A-BDD4-BA769AD32DEA}"
EndProject
Global
	GlobalSection(SolutionConfigurationPlatforms) = preSolution
		Ad-Hoc|Any CPU = Ad-Hoc|Any CPU
		Ad-Hoc|iPhone = Ad-Hoc|iPhone
		Ad-Hoc|iPhoneSimulator = Ad-Hoc|iPhoneSimulator
		AppStore|Any CPU = AppStore|Any CPU
		AppStore|iPhone = AppStore|iPhone
		AppStore|iPhoneSimulator = AppStore|iPhoneSimulator
		Debug|Any CPU = Debug|Any CPU
		Debug|iPhone = Debug|iPhone
		Debug|iPhoneSimulator = Debug|iPhoneSimulator
		Release|Any CPU = Release|Any CPU
		Release|iPhone = Release|iPhone
		Release|iPhoneSimulator = Release|iPhoneSimulator
	EndGlobalSection
	GlobalSection(ProjectConfigurationPlatforms) = postSolution
		{D977B294-1807-44EE-854B-C9669C4406CF}.Ad-Hoc|Any CPU.ActiveCfg = Release|Any CPU
		{D977B294-1807-44EE-854B-C9669C4406CF}.Ad-Hoc|Any CPU.Build.0 = Release|Any CPU
		{D977B294-1807-44EE-854B-C9669C4406CF}.Ad-Hoc|iPhone.ActiveCfg = Release|Any CPU
		{D977B294-1807-44EE-854B-C9669C4406CF}.Ad-Hoc|iPhone.Build.0 = Release|Any CPU
		{D977B294-1807-44EE-854B-C9669C4406CF}.Ad-Hoc|iPhoneSimulator.ActiveCfg = Release|Any CPU
		{D977B294-1807-44EE-854B-C9669C4406CF}.Ad-Hoc|iPhoneSimulator.Build.0 = Release|Any CPU
		{D977B294-1807-44EE-854B-C9669C4406CF}.AppStore|Any CPU.ActiveCfg = Release|Any CPU
		{D977B294-1807-44EE-854B-C9669C4406CF}.AppStore|Any CPU.Build.0 = Release|Any CPU
		{D977B294-1807-44EE-854B-C9669C4406CF}.AppStore|iPhone.ActiveCfg = Release|Any CPU
		{D977B294-1807-44EE-854B-C9669C4406CF}.AppStore|iPhone.Build.0 = Release|Any CPU
		{D977B294-1807-44EE-854B-C9669C4406CF}.AppStore|iPhoneSimulator.ActiveCfg = Release|Any CPU
		{D977B294-1807-44EE-854B-C9669C4406CF}.AppStore|iPhoneSimulator.Build.0 = Release|Any CPU
		{D977B294-1807-44EE-854B-C9669C4406CF}.Debug|Any CPU.ActiveCfg = Debug|Any CPU
		{D977B294-1807-44EE-854B-C9669C4406CF}.Debug|Any CPU.Build.0 = Debug|Any CPU
		{D977B294-1807-44EE-854B-C9669C4406CF}.Debug|iPhone.ActiveCfg = Debug|Any CPU
		{D977B294-1807-44EE-854B-C9669C4406CF}.Debug|iPhone.Build.0 = Debug|Any CPU
		{D977B294-1807-44EE-854B-C9669C4406CF}.Debug|iPhoneSimulator.ActiveCfg = Debug|Any CPU
		{D977B294-1807-44EE-854B-C9669C4406CF}.Debug|iPhoneSimulator.Build.0 = Debug|Any CPU
		{D977B294-1807-44EE-854B-C9669C4406CF}.Release|Any CPU.ActiveCfg = Release|Any CPU
		{D977B294-1807-44EE-854B-C9669C4406CF}.Release|Any CPU.Build.0 = Release|Any CPU
		{D977B294-1807-44EE-854B-C9669C4406CF}.Release|iPhone.ActiveCfg = Release|Any CPU
		{D977B294-1807-44EE-854B-C9669C4406CF}.Release|iPhone.Build.0 = Release|Any CPU
		{D977B294-1807-44EE-854B-C9669C4406CF}.Release|iPhoneSimulator.ActiveCfg = Release|Any CPU
		{D977B294-1807-44EE-854B-C9669C4406CF}.Release|iPhoneSimulator.Build.0 = Release|Any CPU
		{F94B15C5-A88C-4FF7-A811-23FB25696C15}.Ad-Hoc|Any CPU.ActiveCfg = Release|Any CPU
		{F94B15C5-A88C-4FF7-A811-23FB25696C15}.Ad-Hoc|Any CPU.Build.0 = Release|Any CPU
		{F94B15C5-A88C-4FF7-A811-23FB25696C15}.Ad-Hoc|iPhone.ActiveCfg = Release|Any CPU
		{F94B15C5-A88C-4FF7-A811-23FB25696C15}.Ad-Hoc|iPhone.Build.0 = Release|Any CPU
		{F94B15C5-A88C-4FF7-A811-23FB25696C15}.Ad-Hoc|iPhoneSimulator.ActiveCfg = Release|Any CPU
		{F94B15C5-A88C-4FF7-A811-23FB25696C15}.Ad-Hoc|iPhoneSimulator.Build.0 = Release|Any CPU
		{F94B15C5-A88C-4FF7-A811-23FB25696C15}.AppStore|Any CPU.ActiveCfg = Release|Any CPU
		{F94B15C5-A88C-4FF7-A811-23FB25696C15}.AppStore|Any CPU.Build.0 = Release|Any CPU
		{F94B15C5-A88C-4FF7-A811-23FB25696C15}.AppStore|iPhone.ActiveCfg = Release|Any CPU
		{F94B15C5-A88C-4FF7-A811-23FB25696C15}.AppStore|iPhone.Build.0 = Release|Any CPU
		{F94B15C5-A88C-4FF7-A811-23FB25696C15}.AppStore|iPhoneSimulator.ActiveCfg = Release|Any CPU
		{F94B15C5-A88C-4FF7-A811-23FB25696C15}.AppStore|iPhoneSimulator.Build.0 = Release|Any CPU
		{F94B15C5-A88C-4FF7-A811-23FB25696C15}.Debug|Any CPU.ActiveCfg = Debug|Any CPU
		{F94B15C5-A88C-4FF7-A811-23FB25696C15}.Debug|Any CPU.Build.0 = Debug|Any CPU
		{F94B15C5-A88C-4FF7-A811-23FB25696C15}.Debug|iPhone.ActiveCfg = Debug|Any CPU
		{F94B15C5-A88C-4FF7-A811-23FB25696C15}.Debug|iPhone.Build.0 = Debug|Any CPU
		{F94B15C5-A88C-4FF7-A811-23FB25696C15}.Debug|iPhoneSimulator.ActiveCfg = Debug|Any CPU
		{F94B15C5-A88C-4FF7-A811-23FB25696C15}.Debug|iPhoneSimulator.Build.0 = Debug|Any CPU
		{F94B15C5-A88C-4FF7-A811-23FB25696C15}.Release|Any CPU.ActiveCfg = Release|Any CPU
		{F94B15C5-A88C-4FF7-A811-23FB25696C15}.Release|Any CPU.Build.0 = Release|Any CPU
		{F94B15C5-A88C-4FF7-A811-23FB25696C15}.Release|iPhone.ActiveCfg = Release|Any CPU
		{F94B15C5-A88C-4FF7-A811-23FB25696C15}.Release|iPhone.Build.0 = Release|Any CPU
		{F94B15C5-A88C-4FF7-A811-23FB25696C15}.Release|iPhoneSimulator.ActiveCfg = Release|Any CPU
		{F94B15C5-A88C-4FF7-A811-23FB25696C15}.Release|iPhoneSimulator.Build.0 = Release|Any CPU
		{78D1FCF4-497D-4471-B42A-55EA6FBF1F3E}.Ad-Hoc|Any CPU.ActiveCfg = Debug|Any CPU
		{78D1FCF4-497D-4471-B42A-55EA6FBF1F3E}.Ad-Hoc|Any CPU.Build.0 = Debug|Any CPU
		{78D1FCF4-497D-4471-B42A-55EA6FBF1F3E}.Ad-Hoc|iPhone.ActiveCfg = Debug|Any CPU
		{78D1FCF4-497D-4471-B42A-55EA6FBF1F3E}.Ad-Hoc|iPhone.Build.0 = Debug|Any CPU
		{78D1FCF4-497D-4471-B42A-55EA6FBF1F3E}.Ad-Hoc|iPhoneSimulator.ActiveCfg = Debug|Any CPU
		{78D1FCF4-497D-4471-B42A-55EA6FBF1F3E}.Ad-Hoc|iPhoneSimulator.Build.0 = Debug|Any CPU
		{78D1FCF4-497D-4471-B42A-55EA6FBF1F3E}.AppStore|Any CPU.ActiveCfg = Debug|Any CPU
		{78D1FCF4-497D-4471-B42A-55EA6FBF1F3E}.AppStore|Any CPU.Build.0 = Debug|Any CPU
		{78D1FCF4-497D-4471-B42A-55EA6FBF1F3E}.AppStore|iPhone.ActiveCfg = Debug|Any CPU
		{78D1FCF4-497D-4471-B42A-55EA6FBF1F3E}.AppStore|iPhone.Build.0 = Debug|Any CPU
		{78D1FCF4-497D-4471-B42A-55EA6FBF1F3E}.AppStore|iPhoneSimulator.ActiveCfg = Debug|Any CPU
		{78D1FCF4-497D-4471-B42A-55EA6FBF1F3E}.AppStore|iPhoneSimulator.Build.0 = Debug|Any CPU
		{78D1FCF4-497D-4471-B42A-55EA6FBF1F3E}.Debug|Any CPU.ActiveCfg = Debug|Any CPU
		{78D1FCF4-497D-4471-B42A-55EA6FBF1F3E}.Debug|Any CPU.Build.0 = Debug|Any CPU
		{78D1FCF4-497D-4471-B42A-55EA6FBF1F3E}.Debug|iPhone.ActiveCfg = Debug|Any CPU
		{78D1FCF4-497D-4471-B42A-55EA6FBF1F3E}.Debug|iPhone.Build.0 = Debug|Any CPU
		{78D1FCF4-497D-4471-B42A-55EA6FBF1F3E}.Debug|iPhoneSimulator.ActiveCfg = Debug|Any CPU
		{78D1FCF4-497D-4471-B42A-55EA6FBF1F3E}.Debug|iPhoneSimulator.Build.0 = Debug|Any CPU
		{78D1FCF4-497D-4471-B42A-55EA6FBF1F3E}.Release|Any CPU.ActiveCfg = Release|Any CPU
		{78D1FCF4-497D-4471-B42A-55EA6FBF1F3E}.Release|Any CPU.Build.0 = Release|Any CPU
		{78D1FCF4-497D-4471-B42A-55EA6FBF1F3E}.Release|iPhone.ActiveCfg = Release|Any CPU
		{78D1FCF4-497D-4471-B42A-55EA6FBF1F3E}.Release|iPhone.Build.0 = Release|Any CPU
		{78D1FCF4-497D-4471-B42A-55EA6FBF1F3E}.Release|iPhoneSimulator.ActiveCfg = Release|Any CPU
		{78D1FCF4-497D-4471-B42A-55EA6FBF1F3E}.Release|iPhoneSimulator.Build.0 = Release|Any CPU
		{C20B15E9-39C6-404D-B5C4-921A42EF8381}.Ad-Hoc|Any CPU.ActiveCfg = Release|Any CPU
		{C20B15E9-39C6-404D-B5C4-921A42EF8381}.Ad-Hoc|Any CPU.Build.0 = Release|Any CPU
		{C20B15E9-39C6-404D-B5C4-921A42EF8381}.Ad-Hoc|Any CPU.Deploy.0 = Release|Any CPU
		{C20B15E9-39C6-404D-B5C4-921A42EF8381}.Ad-Hoc|iPhone.ActiveCfg = Release|Any CPU
		{C20B15E9-39C6-404D-B5C4-921A42EF8381}.Ad-Hoc|iPhone.Build.0 = Release|Any CPU
		{C20B15E9-39C6-404D-B5C4-921A42EF8381}.Ad-Hoc|iPhone.Deploy.0 = Release|Any CPU
		{C20B15E9-39C6-404D-B5C4-921A42EF8381}.Ad-Hoc|iPhoneSimulator.ActiveCfg = Release|Any CPU
		{C20B15E9-39C6-404D-B5C4-921A42EF8381}.Ad-Hoc|iPhoneSimulator.Build.0 = Release|Any CPU
		{C20B15E9-39C6-404D-B5C4-921A42EF8381}.Ad-Hoc|iPhoneSimulator.Deploy.0 = Release|Any CPU
		{C20B15E9-39C6-404D-B5C4-921A42EF8381}.AppStore|Any CPU.ActiveCfg = Release|Any CPU
		{C20B15E9-39C6-404D-B5C4-921A42EF8381}.AppStore|Any CPU.Build.0 = Release|Any CPU
		{C20B15E9-39C6-404D-B5C4-921A42EF8381}.AppStore|Any CPU.Deploy.0 = Release|Any CPU
		{C20B15E9-39C6-404D-B5C4-921A42EF8381}.AppStore|iPhone.ActiveCfg = Release|Any CPU
		{C20B15E9-39C6-404D-B5C4-921A42EF8381}.AppStore|iPhone.Build.0 = Release|Any CPU
		{C20B15E9-39C6-404D-B5C4-921A42EF8381}.AppStore|iPhone.Deploy.0 = Release|Any CPU
		{C20B15E9-39C6-404D-B5C4-921A42EF8381}.AppStore|iPhoneSimulator.ActiveCfg = Release|Any CPU
		{C20B15E9-39C6-404D-B5C4-921A42EF8381}.AppStore|iPhoneSimulator.Build.0 = Release|Any CPU
		{C20B15E9-39C6-404D-B5C4-921A42EF8381}.AppStore|iPhoneSimulator.Deploy.0 = Release|Any CPU
		{C20B15E9-39C6-404D-B5C4-921A42EF8381}.Debug|Any CPU.ActiveCfg = Debug|Any CPU
		{C20B15E9-39C6-404D-B5C4-921A42EF8381}.Debug|Any CPU.Build.0 = Debug|Any CPU
		{C20B15E9-39C6-404D-B5C4-921A42EF8381}.Debug|Any CPU.Deploy.0 = Debug|Any CPU
		{C20B15E9-39C6-404D-B5C4-921A42EF8381}.Debug|iPhone.ActiveCfg = Debug|Any CPU
		{C20B15E9-39C6-404D-B5C4-921A42EF8381}.Debug|iPhone.Build.0 = Debug|Any CPU
		{C20B15E9-39C6-404D-B5C4-921A42EF8381}.Debug|iPhone.Deploy.0 = Debug|Any CPU
		{C20B15E9-39C6-404D-B5C4-921A42EF8381}.Debug|iPhoneSimulator.ActiveCfg = Debug|Any CPU
		{C20B15E9-39C6-404D-B5C4-921A42EF8381}.Debug|iPhoneSimulator.Build.0 = Debug|Any CPU
		{C20B15E9-39C6-404D-B5C4-921A42EF8381}.Debug|iPhoneSimulator.Deploy.0 = Debug|Any CPU
		{C20B15E9-39C6-404D-B5C4-921A42EF8381}.Release|Any CPU.ActiveCfg = Release|Any CPU
		{C20B15E9-39C6-404D-B5C4-921A42EF8381}.Release|Any CPU.Build.0 = Release|Any CPU
		{C20B15E9-39C6-404D-B5C4-921A42EF8381}.Release|Any CPU.Deploy.0 = Release|Any CPU
		{C20B15E9-39C6-404D-B5C4-921A42EF8381}.Release|iPhone.ActiveCfg = Release|Any CPU
		{C20B15E9-39C6-404D-B5C4-921A42EF8381}.Release|iPhone.Build.0 = Release|Any CPU
		{C20B15E9-39C6-404D-B5C4-921A42EF8381}.Release|iPhone.Deploy.0 = Release|Any CPU
		{C20B15E9-39C6-404D-B5C4-921A42EF8381}.Release|iPhoneSimulator.ActiveCfg = Release|Any CPU
		{C20B15E9-39C6-404D-B5C4-921A42EF8381}.Release|iPhoneSimulator.Build.0 = Release|Any CPU
		{C20B15E9-39C6-404D-B5C4-921A42EF8381}.Release|iPhoneSimulator.Deploy.0 = Release|Any CPU
		{5837762F-00C6-49DF-8737-3A36EF71BE3B}.Ad-Hoc|Any CPU.ActiveCfg = Ad-Hoc|iPhone
		{5837762F-00C6-49DF-8737-3A36EF71BE3B}.Ad-Hoc|iPhone.ActiveCfg = Ad-Hoc|iPhone
		{5837762F-00C6-49DF-8737-3A36EF71BE3B}.Ad-Hoc|iPhone.Build.0 = Ad-Hoc|iPhone
		{5837762F-00C6-49DF-8737-3A36EF71BE3B}.Ad-Hoc|iPhoneSimulator.ActiveCfg = Ad-Hoc|iPhoneSimulator
		{5837762F-00C6-49DF-8737-3A36EF71BE3B}.Ad-Hoc|iPhoneSimulator.Build.0 = Ad-Hoc|iPhoneSimulator
		{5837762F-00C6-49DF-8737-3A36EF71BE3B}.AppStore|Any CPU.ActiveCfg = AppStore|iPhone
		{5837762F-00C6-49DF-8737-3A36EF71BE3B}.AppStore|iPhone.ActiveCfg = AppStore|iPhone
		{5837762F-00C6-49DF-8737-3A36EF71BE3B}.AppStore|iPhone.Build.0 = AppStore|iPhone
		{5837762F-00C6-49DF-8737-3A36EF71BE3B}.AppStore|iPhoneSimulator.ActiveCfg = AppStore|iPhoneSimulator
		{5837762F-00C6-49DF-8737-3A36EF71BE3B}.AppStore|iPhoneSimulator.Build.0 = AppStore|iPhoneSimulator
		{5837762F-00C6-49DF-8737-3A36EF71BE3B}.Debug|Any CPU.ActiveCfg = Debug|iPhone
		{5837762F-00C6-49DF-8737-3A36EF71BE3B}.Debug|iPhone.ActiveCfg = Debug|iPhone
		{5837762F-00C6-49DF-8737-3A36EF71BE3B}.Debug|iPhone.Build.0 = Debug|iPhone
		{5837762F-00C6-49DF-8737-3A36EF71BE3B}.Debug|iPhoneSimulator.ActiveCfg = Debug|iPhoneSimulator
		{5837762F-00C6-49DF-8737-3A36EF71BE3B}.Debug|iPhoneSimulator.Build.0 = Debug|iPhoneSimulator
		{5837762F-00C6-49DF-8737-3A36EF71BE3B}.Release|Any CPU.ActiveCfg = Release|iPhone
		{5837762F-00C6-49DF-8737-3A36EF71BE3B}.Release|iPhone.ActiveCfg = Release|iPhone
		{5837762F-00C6-49DF-8737-3A36EF71BE3B}.Release|iPhone.Build.0 = Release|iPhone
		{5837762F-00C6-49DF-8737-3A36EF71BE3B}.Release|iPhoneSimulator.ActiveCfg = Release|iPhoneSimulator
		{5837762F-00C6-49DF-8737-3A36EF71BE3B}.Release|iPhoneSimulator.Build.0 = Release|iPhoneSimulator
		{A94322B9-BF4C-4D0C-9440-8E2A04CDFE7B}.Ad-Hoc|Any CPU.ActiveCfg = Release|Any CPU
		{A94322B9-BF4C-4D0C-9440-8E2A04CDFE7B}.Ad-Hoc|Any CPU.Build.0 = Release|Any CPU
		{A94322B9-BF4C-4D0C-9440-8E2A04CDFE7B}.Ad-Hoc|Any CPU.Deploy.0 = Release|Any CPU
		{A94322B9-BF4C-4D0C-9440-8E2A04CDFE7B}.Ad-Hoc|iPhone.ActiveCfg = Release|Any CPU
		{A94322B9-BF4C-4D0C-9440-8E2A04CDFE7B}.Ad-Hoc|iPhone.Build.0 = Release|Any CPU
		{A94322B9-BF4C-4D0C-9440-8E2A04CDFE7B}.Ad-Hoc|iPhone.Deploy.0 = Release|Any CPU
		{A94322B9-BF4C-4D0C-9440-8E2A04CDFE7B}.Ad-Hoc|iPhoneSimulator.ActiveCfg = Release|Any CPU
		{A94322B9-BF4C-4D0C-9440-8E2A04CDFE7B}.Ad-Hoc|iPhoneSimulator.Build.0 = Release|Any CPU
		{A94322B9-BF4C-4D0C-9440-8E2A04CDFE7B}.Ad-Hoc|iPhoneSimulator.Deploy.0 = Release|Any CPU
		{A94322B9-BF4C-4D0C-9440-8E2A04CDFE7B}.AppStore|Any CPU.ActiveCfg = Release|Any CPU
		{A94322B9-BF4C-4D0C-9440-8E2A04CDFE7B}.AppStore|Any CPU.Build.0 = Release|Any CPU
		{A94322B9-BF4C-4D0C-9440-8E2A04CDFE7B}.AppStore|Any CPU.Deploy.0 = Release|Any CPU
		{A94322B9-BF4C-4D0C-9440-8E2A04CDFE7B}.AppStore|iPhone.ActiveCfg = Release|Any CPU
		{A94322B9-BF4C-4D0C-9440-8E2A04CDFE7B}.AppStore|iPhone.Build.0 = Release|Any CPU
		{A94322B9-BF4C-4D0C-9440-8E2A04CDFE7B}.AppStore|iPhone.Deploy.0 = Release|Any CPU
		{A94322B9-BF4C-4D0C-9440-8E2A04CDFE7B}.AppStore|iPhoneSimulator.ActiveCfg = Release|Any CPU
		{A94322B9-BF4C-4D0C-9440-8E2A04CDFE7B}.AppStore|iPhoneSimulator.Build.0 = Release|Any CPU
		{A94322B9-BF4C-4D0C-9440-8E2A04CDFE7B}.AppStore|iPhoneSimulator.Deploy.0 = Release|Any CPU
		{A94322B9-BF4C-4D0C-9440-8E2A04CDFE7B}.Debug|Any CPU.ActiveCfg = Debug|Any CPU
		{A94322B9-BF4C-4D0C-9440-8E2A04CDFE7B}.Debug|Any CPU.Build.0 = Debug|Any CPU
		{A94322B9-BF4C-4D0C-9440-8E2A04CDFE7B}.Debug|Any CPU.Deploy.0 = Debug|Any CPU
		{A94322B9-BF4C-4D0C-9440-8E2A04CDFE7B}.Debug|iPhone.ActiveCfg = Debug|Any CPU
		{A94322B9-BF4C-4D0C-9440-8E2A04CDFE7B}.Debug|iPhone.Build.0 = Debug|Any CPU
		{A94322B9-BF4C-4D0C-9440-8E2A04CDFE7B}.Debug|iPhone.Deploy.0 = Debug|Any CPU
		{A94322B9-BF4C-4D0C-9440-8E2A04CDFE7B}.Debug|iPhoneSimulator.ActiveCfg = Debug|Any CPU
		{A94322B9-BF4C-4D0C-9440-8E2A04CDFE7B}.Debug|iPhoneSimulator.Build.0 = Debug|Any CPU
		{A94322B9-BF4C-4D0C-9440-8E2A04CDFE7B}.Debug|iPhoneSimulator.Deploy.0 = Debug|Any CPU
		{A94322B9-BF4C-4D0C-9440-8E2A04CDFE7B}.Release|Any CPU.ActiveCfg = Release|Any CPU
		{A94322B9-BF4C-4D0C-9440-8E2A04CDFE7B}.Release|Any CPU.Build.0 = Release|Any CPU
		{A94322B9-BF4C-4D0C-9440-8E2A04CDFE7B}.Release|Any CPU.Deploy.0 = Release|Any CPU
		{A94322B9-BF4C-4D0C-9440-8E2A04CDFE7B}.Release|iPhone.ActiveCfg = Release|Any CPU
		{A94322B9-BF4C-4D0C-9440-8E2A04CDFE7B}.Release|iPhone.Build.0 = Release|Any CPU
		{A94322B9-BF4C-4D0C-9440-8E2A04CDFE7B}.Release|iPhone.Deploy.0 = Release|Any CPU
		{A94322B9-BF4C-4D0C-9440-8E2A04CDFE7B}.Release|iPhoneSimulator.ActiveCfg = Release|Any CPU
		{A94322B9-BF4C-4D0C-9440-8E2A04CDFE7B}.Release|iPhoneSimulator.Build.0 = Release|Any CPU
		{A94322B9-BF4C-4D0C-9440-8E2A04CDFE7B}.Release|iPhoneSimulator.Deploy.0 = Release|Any CPU
		{19C7B9AD-658A-448A-BDD4-BA769AD32DEA}.Ad-Hoc|Any CPU.ActiveCfg = Release|iPhone
		{19C7B9AD-658A-448A-BDD4-BA769AD32DEA}.Ad-Hoc|Any CPU.Build.0 = Release|iPhone
		{19C7B9AD-658A-448A-BDD4-BA769AD32DEA}.Ad-Hoc|iPhone.ActiveCfg = Release|iPhone
		{19C7B9AD-658A-448A-BDD4-BA769AD32DEA}.Ad-Hoc|iPhone.Build.0 = Release|iPhone
		{19C7B9AD-658A-448A-BDD4-BA769AD32DEA}.Ad-Hoc|iPhoneSimulator.ActiveCfg = Release|iPhoneSimulator
		{19C7B9AD-658A-448A-BDD4-BA769AD32DEA}.Ad-Hoc|iPhoneSimulator.Build.0 = Release|iPhoneSimulator
		{19C7B9AD-658A-448A-BDD4-BA769AD32DEA}.AppStore|Any CPU.ActiveCfg = Release|iPhone
		{19C7B9AD-658A-448A-BDD4-BA769AD32DEA}.AppStore|Any CPU.Build.0 = Release|iPhone
		{19C7B9AD-658A-448A-BDD4-BA769AD32DEA}.AppStore|iPhone.ActiveCfg = Release|iPhone
		{19C7B9AD-658A-448A-BDD4-BA769AD32DEA}.AppStore|iPhone.Build.0 = Release|iPhone
		{19C7B9AD-658A-448A-BDD4-BA769AD32DEA}.AppStore|iPhoneSimulator.ActiveCfg = Release|iPhoneSimulator
		{19C7B9AD-658A-448A-BDD4-BA769AD32DEA}.AppStore|iPhoneSimulator.Build.0 = Release|iPhoneSimulator
		{19C7B9AD-658A-448A-BDD4-BA769AD32DEA}.Debug|Any CPU.ActiveCfg = Debug|iPhone
		{19C7B9AD-658A-448A-BDD4-BA769AD32DEA}.Debug|iPhone.ActiveCfg = Debug|iPhone
		{19C7B9AD-658A-448A-BDD4-BA769AD32DEA}.Debug|iPhone.Build.0 = Debug|iPhone
		{19C7B9AD-658A-448A-BDD4-BA769AD32DEA}.Debug|iPhoneSimulator.ActiveCfg = Debug|iPhoneSimulator
		{19C7B9AD-658A-448A-BDD4-BA769AD32DEA}.Debug|iPhoneSimulator.Build.0 = Debug|iPhoneSimulator
		{19C7B9AD-658A-448A-BDD4-BA769AD32DEA}.Release|Any CPU.ActiveCfg = Release|iPhone
		{19C7B9AD-658A-448A-BDD4-BA769AD32DEA}.Release|iPhone.ActiveCfg = Release|iPhone
		{19C7B9AD-658A-448A-BDD4-BA769AD32DEA}.Release|iPhone.Build.0 = Release|iPhone
		{19C7B9AD-658A-448A-BDD4-BA769AD32DEA}.Release|iPhoneSimulator.ActiveCfg = Release|iPhoneSimulator
		{19C7B9AD-658A-448A-BDD4-BA769AD32DEA}.Release|iPhoneSimulator.Build.0 = Release|iPhoneSimulator
	EndGlobalSection
	GlobalSection(SolutionProperties) = preSolution
		HideSolutionNode = FALSE
	EndGlobalSection
	GlobalSection(ExtensibilityGlobals) = postSolution
		SolutionGuid = {58A42CFC-D677-45AC-96A1-D0DADFD0E2D6}
	EndGlobalSection
EndGlobal
